// !$*UTF8*$!
{
	archiveVersion = 1;
	classes = {
	};
	objectVersion = 56;
	objects = {

/* Begin PBXBuildFile section */
		1598AEED2B03BF5B0091F163 /* AppDelegate.swift in Sources */ = {isa = PBXBuildFile; fileRef = 1598AEEC2B03BF5B0091F163 /* AppDelegate.swift */; };
		1598AEEF2B03BF5B0091F163 /* SceneDelegate.swift in Sources */ = {isa = PBXBuildFile; fileRef = 1598AEEE2B03BF5B0091F163 /* SceneDelegate.swift */; };
		1598AEF12B03BF5B0091F163 /* UserListVC.swift in Sources */ = {isa = PBXBuildFile; fileRef = 1598AEF02B03BF5B0091F163 /* UserListVC.swift */; };
		1598AEF62B03BF5E0091F163 /* Assets.xcassets in Resources */ = {isa = PBXBuildFile; fileRef = 1598AEF52B03BF5E0091F163 /* Assets.xcassets */; };
		1598AEF92B03BF5E0091F163 /* LaunchScreen.storyboard in Resources */ = {isa = PBXBuildFile; fileRef = 1598AEF72B03BF5E0091F163 /* LaunchScreen.storyboard */; };
		1598AF012B03C0D10091F163 /* TabBarController.swift in Sources */ = {isa = PBXBuildFile; fileRef = 1598AF002B03C0D10091F163 /* TabBarController.swift */; };
		1598AF032B03C34F0091F163 /* Colors.swift in Sources */ = {isa = PBXBuildFile; fileRef = 1598AF022B03C34F0091F163 /* Colors.swift */; };
		1598AF052B03C5C10091F163 /* HistoryVC.swift in Sources */ = {isa = PBXBuildFile; fileRef = 1598AF042B03C5C10091F163 /* HistoryVC.swift */; };
		1598AF082B04224B0091F163 /* CommonTableViewCell.swift in Sources */ = {isa = PBXBuildFile; fileRef = 1598AF072B04224A0091F163 /* CommonTableViewCell.swift */; };
		1598AF0B2B042ABA0091F163 /* SnapKit in Frameworks */ = {isa = PBXBuildFile; productRef = 1598AF0A2B042ABA0091F163 /* SnapKit */; };
		1598AF0D2B0438950091F163 /* NetworkService.swift in Sources */ = {isa = PBXBuildFile; fileRef = 1598AF0C2B0438950091F163 /* NetworkService.swift */; };
		1598AF102B04D6290091F163 /* Alamofire in Frameworks */ = {isa = PBXBuildFile; productRef = 1598AF0F2B04D6290091F163 /* Alamofire */; };
		1598AF122B04E0130091F163 /* UserListVM.swift in Sources */ = {isa = PBXBuildFile; fileRef = 1598AF112B04E0130091F163 /* UserListVM.swift */; };
		1598AF152B055DE20091F163 /* NetworkUserModel.swift in Sources */ = {isa = PBXBuildFile; fileRef = 1598AF142B055DE20091F163 /* NetworkUserModel.swift */; };
		1598AF172B055E140091F163 /* NetworkErrors.swift in Sources */ = {isa = PBXBuildFile; fileRef = 1598AF162B055E140091F163 /* NetworkErrors.swift */; };
		1598AF1A2B06744F0091F163 /* HistoryVM.swift in Sources */ = {isa = PBXBuildFile; fileRef = 1598AF192B06744F0091F163 /* HistoryVM.swift */; };
		1598AF1C2B0674B80091F163 /* UserModel.swift in Sources */ = {isa = PBXBuildFile; fileRef = 1598AF1B2B0674B80091F163 /* UserModel.swift */; };
		1598AF232B07D8D40091F163 /* Extensions.swift in Sources */ = {isa = PBXBuildFile; fileRef = 1598AF222B07D8D40091F163 /* Extensions.swift */; };
		1598AF252B0808DB0091F163 /* ProfileVC.swift in Sources */ = {isa = PBXBuildFile; fileRef = 1598AF242B0808DB0091F163 /* ProfileVC.swift */; };
		1598AF272B081A7D0091F163 /* ProfileVM.swift in Sources */ = {isa = PBXBuildFile; fileRef = 1598AF262B081A7D0091F163 /* ProfileVM.swift */; };
		1598AF2A2B0839890091F163 /* Icons.swift in Sources */ = {isa = PBXBuildFile; fileRef = 1598AF292B0839890091F163 /* Icons.swift */; };
/* End PBXBuildFile section */

/* Begin PBXFileReference section */
		1598AEE92B03BF5B0091F163 /* SocialClub.app */ = {isa = PBXFileReference; explicitFileType = wrapper.application; includeInIndex = 0; path = SocialClub.app; sourceTree = BUILT_PRODUCTS_DIR; };
		1598AEEC2B03BF5B0091F163 /* AppDelegate.swift */ = {isa = PBXFileReference; lastKnownFileType = sourcecode.swift; path = AppDelegate.swift; sourceTree = "<group>"; };
		1598AEEE2B03BF5B0091F163 /* SceneDelegate.swift */ = {isa = PBXFileReference; lastKnownFileType = sourcecode.swift; path = SceneDelegate.swift; sourceTree = "<group>"; };
		1598AEF02B03BF5B0091F163 /* UserListVC.swift */ = {isa = PBXFileReference; lastKnownFileType = sourcecode.swift; path = UserListVC.swift; sourceTree = "<group>"; };
		1598AEF52B03BF5E0091F163 /* Assets.xcassets */ = {isa = PBXFileReference; lastKnownFileType = folder.assetcatalog; path = Assets.xcassets; sourceTree = "<group>"; };
		1598AEF82B03BF5E0091F163 /* Base */ = {isa = PBXFileReference; lastKnownFileType = file.storyboard; name = Base; path = Base.lproj/LaunchScreen.storyboard; sourceTree = "<group>"; };
		1598AEFA2B03BF5E0091F163 /* Info.plist */ = {isa = PBXFileReference; lastKnownFileType = text.plist.xml; path = Info.plist; sourceTree = "<group>"; };
		1598AF002B03C0D10091F163 /* TabBarController.swift */ = {isa = PBXFileReference; lastKnownFileType = sourcecode.swift; path = TabBarController.swift; sourceTree = "<group>"; };
		1598AF022B03C34F0091F163 /* Colors.swift */ = {isa = PBXFileReference; lastKnownFileType = sourcecode.swift; path = Colors.swift; sourceTree = "<group>"; };
		1598AF042B03C5C10091F163 /* HistoryVC.swift */ = {isa = PBXFileReference; lastKnownFileType = sourcecode.swift; path = HistoryVC.swift; sourceTree = "<group>"; };
		1598AF072B04224A0091F163 /* CommonTableViewCell.swift */ = {isa = PBXFileReference; lastKnownFileType = sourcecode.swift; path = CommonTableViewCell.swift; sourceTree = "<group>"; };
		1598AF0C2B0438950091F163 /* NetworkService.swift */ = {isa = PBXFileReference; lastKnownFileType = sourcecode.swift; path = NetworkService.swift; sourceTree = "<group>"; };
		1598AF112B04E0130091F163 /* UserListVM.swift */ = {isa = PBXFileReference; lastKnownFileType = sourcecode.swift; path = UserListVM.swift; sourceTree = "<group>"; };
		1598AF142B055DE20091F163 /* NetworkUserModel.swift */ = {isa = PBXFileReference; lastKnownFileType = sourcecode.swift; path = NetworkUserModel.swift; sourceTree = "<group>"; };
		1598AF162B055E140091F163 /* NetworkErrors.swift */ = {isa = PBXFileReference; lastKnownFileType = sourcecode.swift; path = NetworkErrors.swift; sourceTree = "<group>"; };
		1598AF192B06744F0091F163 /* HistoryVM.swift */ = {isa = PBXFileReference; lastKnownFileType = sourcecode.swift; path = HistoryVM.swift; sourceTree = "<group>"; };
		1598AF1B2B0674B80091F163 /* UserModel.swift */ = {isa = PBXFileReference; lastKnownFileType = sourcecode.swift; path = UserModel.swift; sourceTree = "<group>"; };
		1598AF222B07D8D40091F163 /* Extensions.swift */ = {isa = PBXFileReference; lastKnownFileType = sourcecode.swift; path = Extensions.swift; sourceTree = "<group>"; };
		1598AF242B0808DB0091F163 /* ProfileVC.swift */ = {isa = PBXFileReference; lastKnownFileType = sourcecode.swift; path = ProfileVC.swift; sourceTree = "<group>"; };
		1598AF262B081A7D0091F163 /* ProfileVM.swift */ = {isa = PBXFileReference; lastKnownFileType = sourcecode.swift; path = ProfileVM.swift; sourceTree = "<group>"; };
		1598AF292B0839890091F163 /* Icons.swift */ = {isa = PBXFileReference; lastKnownFileType = sourcecode.swift; path = Icons.swift; sourceTree = "<group>"; };
/* End PBXFileReference section */

/* Begin PBXFrameworksBuildPhase section */
		1598AEE62B03BF5B0091F163 /* Frameworks */ = {
			isa = PBXFrameworksBuildPhase;
			buildActionMask = 2147483647;
			files = (
				1598AF0B2B042ABA0091F163 /* SnapKit in Frameworks */,
				1598AF102B04D6290091F163 /* Alamofire in Frameworks */,
			);
			runOnlyForDeploymentPostprocessing = 0;
		};
/* End PBXFrameworksBuildPhase section */

/* Begin PBXGroup section */
		1598AEE02B03BF5B0091F163 = {
			isa = PBXGroup;
			children = (
				1598AEEB2B03BF5B0091F163 /* SocialClub */,
				1598AEEA2B03BF5B0091F163 /* Products */,
			);
			sourceTree = "<group>";
		};
		1598AEEA2B03BF5B0091F163 /* Products */ = {
			isa = PBXGroup;
			children = (
				1598AEE92B03BF5B0091F163 /* SocialClub.app */,
			);
			name = Products;
			sourceTree = "<group>";
		};
		1598AEEB2B03BF5B0091F163 /* SocialClub */ = {
			isa = PBXGroup;
			children = (
				1598AEEC2B03BF5B0091F163 /* AppDelegate.swift */,
				1598AEEE2B03BF5B0091F163 /* SceneDelegate.swift */,
				1598AF002B03C0D10091F163 /* TabBarController.swift */,
				1598AF1E2B0681750091F163 /* Models */,
				1598AF062B040CF30091F163 /* UserList */,
				1598AF282B0839360091F163 /* Profile */,
				1598AF182B057D610091F163 /* History */,
				1598AF212B07D0E80091F163 /* CommonCell */,
				1598AF132B055DC70091F163 /* NetworkService */,
				1598AF1D2B0674E50091F163 /* Helpers */,
				1598AEF52B03BF5E0091F163 /* Assets.xcassets */,
				1598AEF72B03BF5E0091F163 /* LaunchScreen.storyboard */,
				1598AEFA2B03BF5E0091F163 /* Info.plist */,
			);
			path = SocialClub;
			sourceTree = "<group>";
		};
		1598AF062B040CF30091F163 /* UserList */ = {
			isa = PBXGroup;
			children = (
				1598AF112B04E0130091F163 /* UserListVM.swift */,
				1598AEF02B03BF5B0091F163 /* UserListVC.swift */,
			);
			path = UserList;
			sourceTree = "<group>";
		};
		1598AF132B055DC70091F163 /* NetworkService */ = {
			isa = PBXGroup;
			children = (
				1598AF0C2B0438950091F163 /* NetworkService.swift */,
				1598AF142B055DE20091F163 /* NetworkUserModel.swift */,
				1598AF162B055E140091F163 /* NetworkErrors.swift */,
			);
			path = NetworkService;
			sourceTree = "<group>";
		};
		1598AF182B057D610091F163 /* History */ = {
			isa = PBXGroup;
			children = (
				1598AF192B06744F0091F163 /* HistoryVM.swift */,
				1598AF042B03C5C10091F163 /* HistoryVC.swift */,
			);
			path = History;
			sourceTree = "<group>";
		};
		1598AF1D2B0674E50091F163 /* Helpers */ = {
			isa = PBXGroup;
			children = (
				1598AF022B03C34F0091F163 /* Colors.swift */,
				1598AF222B07D8D40091F163 /* Extensions.swift */,
				1598AF292B0839890091F163 /* Icons.swift */,
			);
			path = Helpers;
			sourceTree = "<group>";
		};
		1598AF1E2B0681750091F163 /* Models */ = {
			isa = PBXGroup;
			children = (
				1598AF1B2B0674B80091F163 /* UserModel.swift */,
			);
			path = Models;
			sourceTree = "<group>";
		};
		1598AF212B07D0E80091F163 /* CommonCell */ = {
			isa = PBXGroup;
			children = (
				1598AF072B04224A0091F163 /* CommonTableViewCell.swift */,
			);
			path = CommonCell;
			sourceTree = "<group>";
		};
		1598AF282B0839360091F163 /* Profile */ = {
			isa = PBXGroup;
			children = (
				1598AF262B081A7D0091F163 /* ProfileVM.swift */,
				1598AF242B0808DB0091F163 /* ProfileVC.swift */,
			);
			path = Profile;
			sourceTree = "<group>";
		};
/* End PBXGroup section */

/* Begin PBXNativeTarget section */
		1598AEE82B03BF5B0091F163 /* SocialClub */ = {
			isa = PBXNativeTarget;
			buildConfigurationList = 1598AEFD2B03BF5E0091F163 /* Build configuration list for PBXNativeTarget "SocialClub" */;
			buildPhases = (
				1598AEE52B03BF5B0091F163 /* Sources */,
				1598AEE62B03BF5B0091F163 /* Frameworks */,
				1598AEE72B03BF5B0091F163 /* Resources */,
			);
			buildRules = (
			);
			dependencies = (
			);
			name = SocialClub;
			packageProductDependencies = (
				1598AF0A2B042ABA0091F163 /* SnapKit */,
				1598AF0F2B04D6290091F163 /* Alamofire */,
			);
			productName = SocialClub;
			productReference = 1598AEE92B03BF5B0091F163 /* SocialClub.app */;
			productType = "com.apple.product-type.application";
		};
/* End PBXNativeTarget section */

/* Begin PBXProject section */
		1598AEE12B03BF5B0091F163 /* Project object */ = {
			isa = PBXProject;
			attributes = {
				BuildIndependentTargetsInParallel = 1;
				LastSwiftUpdateCheck = 1430;
				LastUpgradeCheck = 1430;
				TargetAttributes = {
					1598AEE82B03BF5B0091F163 = {
						CreatedOnToolsVersion = 14.3;
					};
				};
			};
			buildConfigurationList = 1598AEE42B03BF5B0091F163 /* Build configuration list for PBXProject "SocialClub" */;
			compatibilityVersion = "Xcode 14.0";
			developmentRegion = en;
			hasScannedForEncodings = 0;
			knownRegions = (
				en,
				Base,
			);
			mainGroup = 1598AEE02B03BF5B0091F163;
			packageReferences = (
				1598AF092B042ABA0091F163 /* XCRemoteSwiftPackageReference "SnapKit" */,
				1598AF0E2B04D6290091F163 /* XCRemoteSwiftPackageReference "Alamofire" */,
			);
			productRefGroup = 1598AEEA2B03BF5B0091F163 /* Products */;
			projectDirPath = "";
			projectRoot = "";
			targets = (
				1598AEE82B03BF5B0091F163 /* SocialClub */,
			);
		};
/* End PBXProject section */

/* Begin PBXResourcesBuildPhase section */
		1598AEE72B03BF5B0091F163 /* Resources */ = {
			isa = PBXResourcesBuildPhase;
			buildActionMask = 2147483647;
			files = (
				1598AEF92B03BF5E0091F163 /* LaunchScreen.storyboard in Resources */,
				1598AEF62B03BF5E0091F163 /* Assets.xcassets in Resources */,
			);
			runOnlyForDeploymentPostprocessing = 0;
		};
/* End PBXResourcesBuildPhase section */

/* Begin PBXSourcesBuildPhase section */
		1598AEE52B03BF5B0091F163 /* Sources */ = {
			isa = PBXSourcesBuildPhase;
			buildActionMask = 2147483647;
			files = (
				1598AF252B0808DB0091F163 /* ProfileVC.swift in Sources */,
				1598AEF12B03BF5B0091F163 /* UserListVC.swift in Sources */,
				1598AF052B03C5C10091F163 /* HistoryVC.swift in Sources */,
				1598AF0D2B0438950091F163 /* NetworkService.swift in Sources */,
				1598AF232B07D8D40091F163 /* Extensions.swift in Sources */,
				1598AF2A2B0839890091F163 /* Icons.swift in Sources */,
				1598AF032B03C34F0091F163 /* Colors.swift in Sources */,
				1598AF012B03C0D10091F163 /* TabBarController.swift in Sources */,
				1598AF1C2B0674B80091F163 /* UserModel.swift in Sources */,
				1598AF122B04E0130091F163 /* UserListVM.swift in Sources */,
				1598AEED2B03BF5B0091F163 /* AppDelegate.swift in Sources */,
				1598AEEF2B03BF5B0091F163 /* SceneDelegate.swift in Sources */,
				1598AF172B055E140091F163 /* NetworkErrors.swift in Sources */,
				1598AF082B04224B0091F163 /* CommonTableViewCell.swift in Sources */,
				1598AF152B055DE20091F163 /* NetworkUserModel.swift in Sources */,
				1598AF272B081A7D0091F163 /* ProfileVM.swift in Sources */,
				1598AF1A2B06744F0091F163 /* HistoryVM.swift in Sources */,
			);
			runOnlyForDeploymentPostprocessing = 0;
		};
/* End PBXSourcesBuildPhase section */

/* Begin PBXVariantGroup section */
		1598AEF72B03BF5E0091F163 /* LaunchScreen.storyboard */ = {
			isa = PBXVariantGroup;
			children = (
				1598AEF82B03BF5E0091F163 /* Base */,
			);
			name = LaunchScreen.storyboard;
			sourceTree = "<group>";
		};
/* End PBXVariantGroup section */

/* Begin XCBuildConfiguration section */
		1598AEFB2B03BF5E0091F163 /* Debug */ = {
			isa = XCBuildConfiguration;
			buildSettings = {
				ALWAYS_SEARCH_USER_PATHS = NO;
				CLANG_ANALYZER_NONNULL = YES;
				CLANG_ANALYZER_NUMBER_OBJECT_CONVERSION = YES_AGGRESSIVE;
				CLANG_CXX_LANGUAGE_STANDARD = "gnu++20";
				CLANG_ENABLE_MODULES = YES;
				CLANG_ENABLE_OBJC_ARC = YES;
				CLANG_ENABLE_OBJC_WEAK = YES;
				CLANG_WARN_BLOCK_CAPTURE_AUTORELEASING = YES;
				CLANG_WARN_BOOL_CONVERSION = YES;
				CLANG_WARN_COMMA = YES;
				CLANG_WARN_CONSTANT_CONVERSION = YES;
				CLANG_WARN_DEPRECATED_OBJC_IMPLEMENTATIONS = YES;
				CLANG_WARN_DIRECT_OBJC_ISA_USAGE = YES_ERROR;
				CLANG_WARN_DOCUMENTATION_COMMENTS = YES;
				CLANG_WARN_EMPTY_BODY = YES;
				CLANG_WARN_ENUM_CONVERSION = YES;
				CLANG_WARN_INFINITE_RECURSION = YES;
				CLANG_WARN_INT_CONVERSION = YES;
				CLANG_WARN_NON_LITERAL_NULL_CONVERSION = YES;
				CLANG_WARN_OBJC_IMPLICIT_RETAIN_SELF = YES;
				CLANG_WARN_OBJC_LITERAL_CONVERSION = YES;
				CLANG_WARN_OBJC_ROOT_CLASS = YES_ERROR;
				CLANG_WARN_QUOTED_INCLUDE_IN_FRAMEWORK_HEADER = YES;
				CLANG_WARN_RANGE_LOOP_ANALYSIS = YES;
				CLANG_WARN_STRICT_PROTOTYPES = YES;
				CLANG_WARN_SUSPICIOUS_MOVE = YES;
				CLANG_WARN_UNGUARDED_AVAILABILITY = YES_AGGRESSIVE;
				CLANG_WARN_UNREACHABLE_CODE = YES;
				CLANG_WARN__DUPLICATE_METHOD_MATCH = YES;
				COPY_PHASE_STRIP = NO;
				DEBUG_INFORMATION_FORMAT = dwarf;
				ENABLE_STRICT_OBJC_MSGSEND = YES;
				ENABLE_TESTABILITY = YES;
				GCC_C_LANGUAGE_STANDARD = gnu11;
				GCC_DYNAMIC_NO_PIC = NO;
				GCC_NO_COMMON_BLOCKS = YES;
				GCC_OPTIMIZATION_LEVEL = 0;
				GCC_PREPROCESSOR_DEFINITIONS = (
					"DEBUG=1",
					"$(inherited)",
				);
				GCC_WARN_64_TO_32_BIT_CONVERSION = YES;
				GCC_WARN_ABOUT_RETURN_TYPE = YES_ERROR;
				GCC_WARN_UNDECLARED_SELECTOR = YES;
				GCC_WARN_UNINITIALIZED_AUTOS = YES_AGGRESSIVE;
				GCC_WARN_UNUSED_FUNCTION = YES;
				GCC_WARN_UNUSED_VARIABLE = YES;
				IPHONEOS_DEPLOYMENT_TARGET = 16.4;
				MTL_ENABLE_DEBUG_INFO = INCLUDE_SOURCE;
				MTL_FAST_MATH = YES;
				ONLY_ACTIVE_ARCH = YES;
				SDKROOT = iphoneos;
				SWIFT_ACTIVE_COMPILATION_CONDITIONS = DEBUG;
				SWIFT_OPTIMIZATION_LEVEL = "-Onone";
			};
			name = Debug;
		};
		1598AEFC2B03BF5E0091F163 /* Release */ = {
			isa = XCBuildConfiguration;
			buildSettings = {
				ALWAYS_SEARCH_USER_PATHS = NO;
				CLANG_ANALYZER_NONNULL = YES;
				CLANG_ANALYZER_NUMBER_OBJECT_CONVERSION = YES_AGGRESSIVE;
				CLANG_CXX_LANGUAGE_STANDARD = "gnu++20";
				CLANG_ENABLE_MODULES = YES;
				CLANG_ENABLE_OBJC_ARC = YES;
				CLANG_ENABLE_OBJC_WEAK = YES;
				CLANG_WARN_BLOCK_CAPTURE_AUTORELEASING = YES;
				CLANG_WARN_BOOL_CONVERSION = YES;
				CLANG_WARN_COMMA = YES;
				CLANG_WARN_CONSTANT_CONVERSION = YES;
				CLANG_WARN_DEPRECATED_OBJC_IMPLEMENTATIONS = YES;
				CLANG_WARN_DIRECT_OBJC_ISA_USAGE = YES_ERROR;
				CLANG_WARN_DOCUMENTATION_COMMENTS = YES;
				CLANG_WARN_EMPTY_BODY = YES;
				CLANG_WARN_ENUM_CONVERSION = YES;
				CLANG_WARN_INFINITE_RECURSION = YES;
				CLANG_WARN_INT_CONVERSION = YES;
				CLANG_WARN_NON_LITERAL_NULL_CONVERSION = YES;
				CLANG_WARN_OBJC_IMPLICIT_RETAIN_SELF = YES;
				CLANG_WARN_OBJC_LITERAL_CONVERSION = YES;
				CLANG_WARN_OBJC_ROOT_CLASS = YES_ERROR;
				CLANG_WARN_QUOTED_INCLUDE_IN_FRAMEWORK_HEADER = YES;
				CLANG_WARN_RANGE_LOOP_ANALYSIS = YES;
				CLANG_WARN_STRICT_PROTOTYPES = YES;
				CLANG_WARN_SUSPICIOUS_MOVE = YES;
				CLANG_WARN_UNGUARDED_AVAILABILITY = YES_AGGRESSIVE;
				CLANG_WARN_UNREACHABLE_CODE = YES;
				CLANG_WARN__DUPLICATE_METHOD_MATCH = YES;
				COPY_PHASE_STRIP = NO;
				DEBUG_INFORMATION_FORMAT = "dwarf-with-dsym";
				ENABLE_NS_ASSERTIONS = NO;
				ENABLE_STRICT_OBJC_MSGSEND = YES;
				GCC_C_LANGUAGE_STANDARD = gnu11;
				GCC_NO_COMMON_BLOCKS = YES;
				GCC_WARN_64_TO_32_BIT_CONVERSION = YES;
				GCC_WARN_ABOUT_RETURN_TYPE = YES_ERROR;
				GCC_WARN_UNDECLARED_SELECTOR = YES;
				GCC_WARN_UNINITIALIZED_AUTOS = YES_AGGRESSIVE;
				GCC_WARN_UNUSED_FUNCTION = YES;
				GCC_WARN_UNUSED_VARIABLE = YES;
				IPHONEOS_DEPLOYMENT_TARGET = 16.4;
				MTL_ENABLE_DEBUG_INFO = NO;
				MTL_FAST_MATH = YES;
				SDKROOT = iphoneos;
				SWIFT_COMPILATION_MODE = wholemodule;
				SWIFT_OPTIMIZATION_LEVEL = "-O";
				VALIDATE_PRODUCT = YES;
			};
			name = Release;
		};
		1598AEFE2B03BF5E0091F163 /* Debug */ = {
			isa = XCBuildConfiguration;
			buildSettings = {
				ASSETCATALOG_COMPILER_APPICON_NAME = AppIcon;
				ASSETCATALOG_COMPILER_GLOBAL_ACCENT_COLOR_NAME = AccentColor;
				CODE_SIGN_STYLE = Automatic;
				CURRENT_PROJECT_VERSION = 1;
				DEVELOPMENT_TEAM = K6ZU9JRTA2;
				GENERATE_INFOPLIST_FILE = YES;
				INFOPLIST_FILE = SocialClub/Info.plist;
				INFOPLIST_KEY_UIApplicationSupportsIndirectInputEvents = YES;
				INFOPLIST_KEY_UILaunchStoryboardName = LaunchScreen;
				INFOPLIST_KEY_UISupportedInterfaceOrientations_iPad = "UIInterfaceOrientationPortrait UIInterfaceOrientationPortraitUpsideDown UIInterfaceOrientationLandscapeLeft UIInterfaceOrientationLandscapeRight";
				INFOPLIST_KEY_UISupportedInterfaceOrientations_iPhone = "UIInterfaceOrientationPortrait UIInterfaceOrientationLandscapeLeft UIInterfaceOrientationLandscapeRight";
				LD_RUNPATH_SEARCH_PATHS = (
					"$(inherited)",
					"@executable_path/Frameworks",
				);
				MARKETING_VERSION = 1.0;
				PRODUCT_BUNDLE_IDENTIFIER = Sokolov.SocialClub;
				PRODUCT_NAME = "$(TARGET_NAME)";
				SWIFT_EMIT_LOC_STRINGS = YES;
				SWIFT_VERSION = 5.0;
				TARGETED_DEVICE_FAMILY = "1,2";
			};
			name = Debug;
		};
		1598AEFF2B03BF5E0091F163 /* Release */ = {
			isa = XCBuildConfiguration;
			buildSettings = {
				ASSETCATALOG_COMPILER_APPICON_NAME = AppIcon;
				ASSETCATALOG_COMPILER_GLOBAL_ACCENT_COLOR_NAME = AccentColor;
				CODE_SIGN_STYLE = Automatic;
				CURRENT_PROJECT_VERSION = 1;
				DEVELOPMENT_TEAM = K6ZU9JRTA2;
				GENERATE_INFOPLIST_FILE = YES;
				INFOPLIST_FILE = SocialClub/Info.plist;
				INFOPLIST_KEY_UIApplicationSupportsIndirectInputEvents = YES;
				INFOPLIST_KEY_UILaunchStoryboardName = LaunchScreen;
				INFOPLIST_KEY_UISupportedInterfaceOrientations_iPad = "UIInterfaceOrientationPortrait UIInterfaceOrientationPortraitUpsideDown UIInterfaceOrientationLandscapeLeft UIInterfaceOrientationLandscapeRight";
				INFOPLIST_KEY_UISupportedInterfaceOrientations_iPhone = "UIInterfaceOrientationPortrait UIInterfaceOrientationLandscapeLeft UIInterfaceOrientationLandscapeRight";
				LD_RUNPATH_SEARCH_PATHS = (
					"$(inherited)",
					"@executable_path/Frameworks",
				);
				MARKETING_VERSION = 1.0;
				PRODUCT_BUNDLE_IDENTIFIER = Sokolov.SocialClub;
				PRODUCT_NAME = "$(TARGET_NAME)";
				SWIFT_EMIT_LOC_STRINGS = YES;
				SWIFT_VERSION = 5.0;
				TARGETED_DEVICE_FAMILY = "1,2";
			};
			name = Release;
		};
/* End XCBuildConfiguration section */

/* Begin XCConfigurationList section */
		1598AEE42B03BF5B0091F163 /* Build configuration list for PBXProject "SocialClub" */ = {
			isa = XCConfigurationList;
			buildConfigurations = (
				1598AEFB2B03BF5E0091F163 /* Debug */,
				1598AEFC2B03BF5E0091F163 /* Release */,
			);
			defaultConfigurationIsVisible = 0;
			defaultConfigurationName = Release;
		};
		1598AEFD2B03BF5E0091F163 /* Build configuration list for PBXNativeTarget "SocialClub" */ = {
			isa = XCConfigurationList;
			buildConfigurations = (
				1598AEFE2B03BF5E0091F163 /* Debug */,
				1598AEFF2B03BF5E0091F163 /* Release */,
			);
			defaultConfigurationIsVisible = 0;
			defaultConfigurationName = Release;
		};
/* End XCConfigurationList section */

/* Begin XCRemoteSwiftPackageReference section */
		1598AF092B042ABA0091F163 /* XCRemoteSwiftPackageReference "SnapKit" */ = {
			isa = XCRemoteSwiftPackageReference;
			repositoryURL = "https://github.com/SnapKit/SnapKit.git";
			requirement = {
				kind = upToNextMajorVersion;
				minimumVersion = 5.0.0;
			};
		};
		1598AF0E2B04D6290091F163 /* XCRemoteSwiftPackageReference "Alamofire" */ = {
			isa = XCRemoteSwiftPackageReference;
			repositoryURL = "https://github.com/Alamofire/Alamofire.git";
			requirement = {
				kind = upToNextMajorVersion;
				minimumVersion = 5.0.0;
			};
		};
/* End XCRemoteSwiftPackageReference section */

/* Begin XCSwiftPackageProductDependency section */
		1598AF0A2B042ABA0091F163 /* SnapKit */ = {
			isa = XCSwiftPackageProductDependency;
			package = 1598AF092B042ABA0091F163 /* XCRemoteSwiftPackageReference "SnapKit" */;
			productName = SnapKit;
		};
		1598AF0F2B04D6290091F163 /* Alamofire */ = {
			isa = XCSwiftPackageProductDependency;
			package = 1598AF0E2B04D6290091F163 /* XCRemoteSwiftPackageReference "Alamofire" */;
			productName = Alamofire;
		};
/* End XCSwiftPackageProductDependency section */
	};
	rootObject = 1598AEE12B03BF5B0091F163 /* Project object */;
}
